// !$*UTF8*$!
{
	archiveVersion = 1;
	classes = {
	};
	objectVersion = 46;
	objects = {

/* Begin PBXBuildFile section */
		11841703150BB891008B77C0 /* UIKit.framework in Frameworks */ = {isa = PBXBuildFile; fileRef = 11841702150BB891008B77C0 /* UIKit.framework */; };
		11841705150BB891008B77C0 /* Foundation.framework in Frameworks */ = {isa = PBXBuildFile; fileRef = 11841704150BB891008B77C0 /* Foundation.framework */; };
		11841707150BB891008B77C0 /* CoreGraphics.framework in Frameworks */ = {isa = PBXBuildFile; fileRef = 11841706150BB891008B77C0 /* CoreGraphics.framework */; };
		1184170D150BB891008B77C0 /* InfoPlist.strings in Resources */ = {isa = PBXBuildFile; fileRef = 1184170B150BB891008B77C0 /* InfoPlist.strings */; };
		1184170F150BB892008B77C0 /* main.m in Sources */ = {isa = PBXBuildFile; fileRef = 1184170E150BB891008B77C0 /* main.m */; };
		11841713150BB892008B77C0 /* AJAppDelegate.m in Sources */ = {isa = PBXBuildFile; fileRef = 11841712150BB892008B77C0 /* AJAppDelegate.m */; };
		11841716150BB892008B77C0 /* AJViewController.m in Sources */ = {isa = PBXBuildFile; fileRef = 11841715150BB892008B77C0 /* AJViewController.m */; };
		11841719150BB892008B77C0 /* AJViewController_iPhone.xib in Resources */ = {isa = PBXBuildFile; fileRef = 11841717150BB892008B77C0 /* AJViewController_iPhone.xib */; };
		1184171C150BB892008B77C0 /* AJViewController_iPad.xib in Resources */ = {isa = PBXBuildFile; fileRef = 1184171A150BB892008B77C0 /* AJViewController_iPad.xib */; };
		11841725150BB923008B77C0 /* AJScrollableView.m in Sources */ = {isa = PBXBuildFile; fileRef = 11841724150BB923008B77C0 /* AJScrollableView.m */; };
		11BD8AA5151001E5008254CF /* AJScrollablePartialsView.m in Sources */ = {isa = PBXBuildFile; fileRef = 11BD8AA4151001E5008254CF /* AJScrollablePartialsView.m */; };
/* End PBXBuildFile section */

/* Begin PBXFileReference section */
		118416FE150BB891008B77C0 /* AJScrollableView.app */ = {isa = PBXFileReference; explicitFileType = wrapper.application; includeInIndex = 0; path = AJScrollableView.app; sourceTree = BUILT_PRODUCTS_DIR; };
		11841702150BB891008B77C0 /* UIKit.framework */ = {isa = PBXFileReference; lastKnownFileType = wrapper.framework; name = UIKit.framework; path = System/Library/Frameworks/UIKit.framework; sourceTree = SDKROOT; };
		11841704150BB891008B77C0 /* Foundation.framework */ = {isa = PBXFileReference; lastKnownFileType = wrapper.framework; name = Foundation.framework; path = System/Library/Frameworks/Foundation.framework; sourceTree = SDKROOT; };
		11841706150BB891008B77C0 /* CoreGraphics.framework */ = {isa = PBXFileReference; lastKnownFileType = wrapper.framework; name = CoreGraphics.framework; path = System/Library/Frameworks/CoreGraphics.framework; sourceTree = SDKROOT; };
		1184170A150BB891008B77C0 /* AJScrollableView-Info.plist */ = {isa = PBXFileReference; lastKnownFileType = text.plist.xml; path = "AJScrollableView-Info.plist"; sourceTree = "<group>"; };
		1184170C150BB891008B77C0 /* en */ = {isa = PBXFileReference; lastKnownFileType = text.plist.strings; name = en; path = en.lproj/InfoPlist.strings; sourceTree = "<group>"; };
		1184170E150BB891008B77C0 /* main.m */ = {isa = PBXFileReference; lastKnownFileType = sourcecode.c.objc; path = main.m; sourceTree = "<group>"; };
		11841710150BB892008B77C0 /* AJScrollableView-Prefix.pch */ = {isa = PBXFileReference; lastKnownFileType = sourcecode.c.h; path = "AJScrollableView-Prefix.pch"; sourceTree = "<group>"; };
		11841711150BB892008B77C0 /* AJAppDelegate.h */ = {isa = PBXFileReference; lastKnownFileType = sourcecode.c.h; path = AJAppDelegate.h; sourceTree = "<group>"; };
		11841712150BB892008B77C0 /* AJAppDelegate.m */ = {isa = PBXFileReference; lastKnownFileType = sourcecode.c.objc; path = AJAppDelegate.m; sourceTree = "<group>"; };
		11841714150BB892008B77C0 /* AJViewController.h */ = {isa = PBXFileReference; lastKnownFileType = sourcecode.c.h; path = AJViewController.h; sourceTree = "<group>"; };
		11841715150BB892008B77C0 /* AJViewController.m */ = {isa = PBXFileReference; lastKnownFileType = sourcecode.c.objc; path = AJViewController.m; sourceTree = "<group>"; };
		11841718150BB892008B77C0 /* en */ = {isa = PBXFileReference; lastKnownFileType = file.xib; name = en; path = en.lproj/AJViewController_iPhone.xib; sourceTree = "<group>"; };
		1184171B150BB892008B77C0 /* en */ = {isa = PBXFileReference; lastKnownFileType = file.xib; name = en; path = en.lproj/AJViewController_iPad.xib; sourceTree = "<group>"; };
		11841723150BB923008B77C0 /* AJScrollableView.h */ = {isa = PBXFileReference; fileEncoding = 4; lastKnownFileType = sourcecode.c.h; path = AJScrollableView.h; sourceTree = "<group>"; };
		11841724150BB923008B77C0 /* AJScrollableView.m */ = {isa = PBXFileReference; fileEncoding = 4; lastKnownFileType = sourcecode.c.objc; path = AJScrollableView.m; sourceTree = "<group>"; };
		11BD8AA3151001E5008254CF /* AJScrollablePartialsView.h */ = {isa = PBXFileReference; fileEncoding = 4; lastKnownFileType = sourcecode.c.h; path = AJScrollablePartialsView.h; sourceTree = "<group>"; };
		11BD8AA4151001E5008254CF /* AJScrollablePartialsView.m */ = {isa = PBXFileReference; fileEncoding = 4; lastKnownFileType = sourcecode.c.objc; path = AJScrollablePartialsView.m; sourceTree = "<group>"; };
		11BD8AAB151005EF008254CF /* AJScrollableView+Protected.h */ = {isa = PBXFileReference; fileEncoding = 4; lastKnownFileType = sourcecode.c.h; path = "AJScrollableView+Protected.h"; sourceTree = "<group>"; };
/* End PBXFileReference section */

/* Begin PBXFrameworksBuildPhase section */
		118416FB150BB891008B77C0 /* Frameworks */ = {
			isa = PBXFrameworksBuildPhase;
			buildActionMask = 2147483647;
			files = (
				11841703150BB891008B77C0 /* UIKit.framework in Frameworks */,
				11841705150BB891008B77C0 /* Foundation.framework in Frameworks */,
				11841707150BB891008B77C0 /* CoreGraphics.framework in Frameworks */,
			);
			runOnlyForDeploymentPostprocessing = 0;
		};
/* End PBXFrameworksBuildPhase section */

/* Begin PBXGroup section */
		118416F3150BB891008B77C0 = {
			isa = PBXGroup;
			children = (
				11841708150BB891008B77C0 /* AJScrollableView */,
				11841701150BB891008B77C0 /* Frameworks */,
				118416FF150BB891008B77C0 /* Products */,
			);
			sourceTree = "<group>";
		};
		118416FF150BB891008B77C0 /* Products */ = {
			isa = PBXGroup;
			children = (
				118416FE150BB891008B77C0 /* AJScrollableView.app */,
			);
			name = Products;
			sourceTree = "<group>";
		};
		11841701150BB891008B77C0 /* Frameworks */ = {
			isa = PBXGroup;
			children = (
				11841702150BB891008B77C0 /* UIKit.framework */,
				11841704150BB891008B77C0 /* Foundation.framework */,
				11841706150BB891008B77C0 /* CoreGraphics.framework */,
			);
			name = Frameworks;
			sourceTree = "<group>";
		};
		11841708150BB891008B77C0 /* AJScrollableView */ = {
			isa = PBXGroup;
			children = (
				11841722150BB923008B77C0 /* source */,
				11841711150BB892008B77C0 /* AJAppDelegate.h */,
				11841712150BB892008B77C0 /* AJAppDelegate.m */,
				11841714150BB892008B77C0 /* AJViewController.h */,
				11841715150BB892008B77C0 /* AJViewController.m */,
				11841717150BB892008B77C0 /* AJViewController_iPhone.xib */,
				1184171A150BB892008B77C0 /* AJViewController_iPad.xib */,
				11841709150BB891008B77C0 /* Supporting Files */,
			);
			path = AJScrollableView;
			sourceTree = "<group>";
		};
		11841709150BB891008B77C0 /* Supporting Files */ = {
			isa = PBXGroup;
			children = (
				1184170A150BB891008B77C0 /* AJScrollableView-Info.plist */,
				1184170B150BB891008B77C0 /* InfoPlist.strings */,
				1184170E150BB891008B77C0 /* main.m */,
				11841710150BB892008B77C0 /* AJScrollableView-Prefix.pch */,
			);
			name = "Supporting Files";
			sourceTree = "<group>";
		};
		11841722150BB923008B77C0 /* source */ = {
			isa = PBXGroup;
			children = (
				11841723150BB923008B77C0 /* AJScrollableView.h */,
				11841724150BB923008B77C0 /* AJScrollableView.m */,
				11BD8AAB151005EF008254CF /* AJScrollableView+Protected.h */,
				11BD8AA3151001E5008254CF /* AJScrollablePartialsView.h */,
				11BD8AA4151001E5008254CF /* AJScrollablePartialsView.m */,
			);
			name = source;
			path = ../../../source;
			sourceTree = "<group>";
		};
/* End PBXGroup section */

/* Begin PBXNativeTarget section */
		118416FD150BB891008B77C0 /* AJScrollableView */ = {
			isa = PBXNativeTarget;
			buildConfigurationList = 1184171F150BB892008B77C0 /* Build configuration list for PBXNativeTarget "AJScrollableView" */;
			buildPhases = (
				118416FA150BB891008B77C0 /* Sources */,
				118416FB150BB891008B77C0 /* Frameworks */,
				118416FC150BB891008B77C0 /* Resources */,
			);
			buildRules = (
			);
			dependencies = (
			);
			name = AJScrollableView;
			productName = AJScrollableView;
			productReference = 118416FE150BB891008B77C0 /* AJScrollableView.app */;
			productType = "com.apple.product-type.application";
		};
/* End PBXNativeTarget section */

/* Begin PBXProject section */
		118416F5150BB891008B77C0 /* Project object */ = {
			isa = PBXProject;
			attributes = {
				CLASSPREFIX = AJ;
				LastUpgradeCheck = 0430;
			};
			buildConfigurationList = 118416F8150BB891008B77C0 /* Build configuration list for PBXProject "AJScrollableView" */;
			compatibilityVersion = "Xcode 3.2";
			developmentRegion = English;
			hasScannedForEncodings = 0;
			knownRegions = (
				en,
			);
			mainGroup = 118416F3150BB891008B77C0;
			productRefGroup = 118416FF150BB891008B77C0 /* Products */;
			projectDirPath = "";
			projectRoot = "";
			targets = (
				118416FD150BB891008B77C0 /* AJScrollableView */,
			);
		};
/* End PBXProject section */

/* Begin PBXResourcesBuildPhase section */
		118416FC150BB891008B77C0 /* Resources */ = {
			isa = PBXResourcesBuildPhase;
			buildActionMask = 2147483647;
			files = (
				1184170D150BB891008B77C0 /* InfoPlist.strings in Resources */,
				11841719150BB892008B77C0 /* AJViewController_iPhone.xib in Resources */,
				1184171C150BB892008B77C0 /* AJViewController_iPad.xib in Resources */,
			);
			runOnlyForDeploymentPostprocessing = 0;
		};
/* End PBXResourcesBuildPhase section */

/* Begin PBXSourcesBuildPhase section */
		118416FA150BB891008B77C0 /* Sources */ = {
			isa = PBXSourcesBuildPhase;
			buildActionMask = 2147483647;
			files = (
				1184170F150BB892008B77C0 /* main.m in Sources */,
				11841713150BB892008B77C0 /* AJAppDelegate.m in Sources */,
				11841716150BB892008B77C0 /* AJViewController.m in Sources */,
				11841725150BB923008B77C0 /* AJScrollableView.m in Sources */,
				11BD8AA5151001E5008254CF /* AJScrollablePartialsView.m in Sources */,
			);
			runOnlyForDeploymentPostprocessing = 0;
		};
/* End PBXSourcesBuildPhase section */

/* Begin PBXVariantGroup section */
		1184170B150BB891008B77C0 /* InfoPlist.strings */ = {
			isa = PBXVariantGroup;
			children = (
				1184170C150BB891008B77C0 /* en */,
			);
			name = InfoPlist.strings;
			sourceTree = "<group>";
		};
		11841717150BB892008B77C0 /* AJViewController_iPhone.xib */ = {
			isa = PBXVariantGroup;
			children = (
				11841718150BB892008B77C0 /* en */,
			);
			name = AJViewController_iPhone.xib;
			sourceTree = "<group>";
		};
		1184171A150BB892008B77C0 /* AJViewController_iPad.xib */ = {
			isa = PBXVariantGroup;
			children = (
				1184171B150BB892008B77C0 /* en */,
			);
			name = AJViewController_iPad.xib;
			sourceTree = "<group>";
		};
/* End PBXVariantGroup section */

/* Begin XCBuildConfiguration section */
		1184171D150BB892008B77C0 /* Debug */ = {
			isa = XCBuildConfiguration;
			buildSettings = {
				ALWAYS_SEARCH_USER_PATHS = NO;
				ARCHS = "$(ARCHS_STANDARD_32_BIT)";
				CLANG_ENABLE_OBJC_ARC = YES;
				"CODE_SIGN_IDENTITY[sdk=iphoneos*]" = "iPhone Developer";
				COPY_PHASE_STRIP = NO;
				GCC_C_LANGUAGE_STANDARD = gnu99;
				GCC_DYNAMIC_NO_PIC = NO;
				GCC_OPTIMIZATION_LEVEL = 0;
				GCC_PREPROCESSOR_DEFINITIONS = (
					"DEBUG=1",
					"$(inherited)",
				);
				GCC_SYMBOLS_PRIVATE_EXTERN = NO;
				GCC_VERSION = com.apple.compilers.llvm.clang.1_0;
				GCC_WARN_ABOUT_RETURN_TYPE = YES;
				GCC_WARN_UNINITIALIZED_AUTOS = YES;
				GCC_WARN_UNUSED_VARIABLE = YES;
				IPHONEOS_DEPLOYMENT_TARGET = 5.0;
				SDKROOT = iphoneos;
				TARGETED_DEVICE_FAMILY = "1,2";
			};
			name = Debug;
		};
		1184171E150BB892008B77C0 /* Release */ = {
			isa = XCBuildConfiguration;
			buildSettings = {
				ALWAYS_SEARCH_USER_PATHS = NO;
				ARCHS = "$(ARCHS_STANDARD_32_BIT)";
				CLANG_ENABLE_OBJC_ARC = YES;
				"CODE_SIGN_IDENTITY[sdk=iphoneos*]" = "iPhone Developer";
				COPY_PHASE_STRIP = YES;
				GCC_C_LANGUAGE_STANDARD = gnu99;
				GCC_VERSION = com.apple.compilers.llvm.clang.1_0;
				GCC_WARN_ABOUT_RETURN_TYPE = YES;
				GCC_WARN_UNINITIALIZED_AUTOS = YES;
				GCC_WARN_UNUSED_VARIABLE = YES;
				IPHONEOS_DEPLOYMENT_TARGET = 5.0;
				OTHER_CFLAGS = "-DNS_BLOCK_ASSERTIONS=1";
				SDKROOT = iphoneos;
				TARGETED_DEVICE_FAMILY = "1,2";
				VALIDATE_PRODUCT = YES;
			};
			name = Release;
		};
		11841720150BB892008B77C0 /* Debug */ = {
			isa = XCBuildConfiguration;
			buildSettings = {
				GCC_PRECOMPILE_PREFIX_HEADER = YES;
				GCC_PREFIX_HEADER = "AJScrollableView/AJScrollableView-Prefix.pch";
				INFOPLIST_FILE = "AJScrollableView/AJScrollableView-Info.plist";
				PRODUCT_NAME = "$(TARGET_NAME)";
				WRAPPER_EXTENSION = app;
			};
			name = Debug;
		};
		11841721150BB892008B77C0 /* Release */ = {
			isa = XCBuildConfiguration;
			buildSettings = {
				GCC_PRECOMPILE_PREFIX_HEADER = YES;
				GCC_PREFIX_HEADER = "AJScrollableView/AJScrollableView-Prefix.pch";
				INFOPLIST_FILE = "AJScrollableView/AJScrollableView-Info.plist";
				PRODUCT_NAME = "$(TARGET_NAME)";
				WRAPPER_EXTENSION = app;
			};
			name = Release;
		};
/* End XCBuildConfiguration section */

/* Begin XCConfigurationList section */
		118416F8150BB891008B77C0 /* Build configuration list for PBXProject "AJScrollableView" */ = {
			isa = XCConfigurationList;
			buildConfigurations = (
				1184171D150BB892008B77C0 /* Debug */,
				1184171E150BB892008B77C0 /* Release */,
			);
			defaultConfigurationIsVisible = 0;
			defaultConfigurationName = Release;
		};
		1184171F150BB892008B77C0 /* Build configuration list for PBXNativeTarget "AJScrollableView" */ = {
			isa = XCConfigurationList;
			buildConfigurations = (
				11841720150BB892008B77C0 /* Debug */,
				11841721150BB892008B77C0 /* Release */,
			);
			defaultConfigurationIsVisible = 0;
			defaultConfigurationName = Release;
		};
/* End XCConfigurationList section */
	};
	rootObject = 118416F5150BB891008B77C0 /* Project object */;
}
